// !$*UTF8*$!
{
	archiveVersion = 1;
	classes = {
	};
	objectVersion = 51;
	objects = {

/* Begin PBXBuildFile section */
		2EDAC04C9ED9E9443EE0047A /* Pods_WoopPow.framework in Frameworks */ = {isa = PBXBuildFile; fileRef = E12719A1A6FEFF5F116145F4 /* Pods_WoopPow.framework */; };
		3342938424CFCA230086D3F0 /* AppDelegate.swift in Sources */ = {isa = PBXBuildFile; fileRef = 3342938324CFCA230086D3F0 /* AppDelegate.swift */; };
		3342938624CFCA230086D3F0 /* SceneDelegate.swift in Sources */ = {isa = PBXBuildFile; fileRef = 3342938524CFCA230086D3F0 /* SceneDelegate.swift */; };
		3342938824CFCA230086D3F0 /* HomeController.swift in Sources */ = {isa = PBXBuildFile; fileRef = 3342938724CFCA230086D3F0 /* HomeController.swift */; };
		3342938B24CFCA230086D3F0 /* Main.storyboard in Resources */ = {isa = PBXBuildFile; fileRef = 3342938924CFCA230086D3F0 /* Main.storyboard */; };
		3342938D24CFCA270086D3F0 /* Assets.xcassets in Resources */ = {isa = PBXBuildFile; fileRef = 3342938C24CFCA270086D3F0 /* Assets.xcassets */; };
		3342939024CFCA270086D3F0 /* LaunchScreen.storyboard in Resources */ = {isa = PBXBuildFile; fileRef = 3342938E24CFCA270086D3F0 /* LaunchScreen.storyboard */; };
		3342939B24CFCA270086D3F0 /* WoopPowTests.swift in Sources */ = {isa = PBXBuildFile; fileRef = 3342939A24CFCA270086D3F0 /* WoopPowTests.swift */; };
		334293A624CFCAA10086D3F0 /* AppCoordinator.swift in Sources */ = {isa = PBXBuildFile; fileRef = 334293A524CFCAA10086D3F0 /* AppCoordinator.swift */; };
		334293A924CFCABF0086D3F0 /* Constants.swift in Sources */ = {isa = PBXBuildFile; fileRef = 334293A824CFCABF0086D3F0 /* Constants.swift */; };
		334293AE24CFCB370086D3F0 /* LocalNotificationManager.swift in Sources */ = {isa = PBXBuildFile; fileRef = 334293AD24CFCB370086D3F0 /* LocalNotificationManager.swift */; };
		334293B524CFCB410086D3F0 /* UIColor+Extensions.swift in Sources */ = {isa = PBXBuildFile; fileRef = 334293AF24CFCB410086D3F0 /* UIColor+Extensions.swift */; };
		334293B624CFCB410086D3F0 /* UIViewController+Extensions.swift in Sources */ = {isa = PBXBuildFile; fileRef = 334293B024CFCB410086D3F0 /* UIViewController+Extensions.swift */; };
		334293B724CFCB410086D3F0 /* UITextField+Extensions.swift in Sources */ = {isa = PBXBuildFile; fileRef = 334293B124CFCB410086D3F0 /* UITextField+Extensions.swift */; };
		334293B824CFCB410086D3F0 /* UIFont+Extensions.swift in Sources */ = {isa = PBXBuildFile; fileRef = 334293B224CFCB410086D3F0 /* UIFont+Extensions.swift */; };
		334293B924CFCB410086D3F0 /* Date+Extensions.swift in Sources */ = {isa = PBXBuildFile; fileRef = 334293B324CFCB410086D3F0 /* Date+Extensions.swift */; };
		334293BA24CFCB410086D3F0 /* UIView+Extensions.swift in Sources */ = {isa = PBXBuildFile; fileRef = 334293B424CFCB410086D3F0 /* UIView+Extensions.swift */; };
		334293BC24CFCC3A0086D3F0 /* Coordinator.swift in Sources */ = {isa = PBXBuildFile; fileRef = 334293BB24CFCC3A0086D3F0 /* Coordinator.swift */; };
		335900B624EA12A200386D66 /* Control.swift in Sources */ = {isa = PBXBuildFile; fileRef = 335900B524EA12A200386D66 /* Control.swift */; };
		335900B824EA695E00386D66 /* MoveSet.swift in Sources */ = {isa = PBXBuildFile; fileRef = 335900B724EA695E00386D66 /* MoveSet.swift */; };
		335900BA24EA6B1D00386D66 /* MoveSetPosition.swift in Sources */ = {isa = PBXBuildFile; fileRef = 335900B924EA6B1D00386D66 /* MoveSetPosition.swift */; };
		335900BD24EB2B8100386D66 /* Attack.swift in Sources */ = {isa = PBXBuildFile; fileRef = 335900BC24EB2B8100386D66 /* Attack.swift */; };
		335900BF24EB2BAF00386D66 /* Move.swift in Sources */ = {isa = PBXBuildFile; fileRef = 335900BE24EB2BAF00386D66 /* Move.swift */; };
		335900C124EB337F00386D66 /* AttackButtonView.swift in Sources */ = {isa = PBXBuildFile; fileRef = 335900C024EB337F00386D66 /* AttackButtonView.swift */; };
		335900C324EB45D600386D66 /* GoogleService-Info.plist in Resources */ = {isa = PBXBuildFile; fileRef = 335900C224EB45D600386D66 /* GoogleService-Info.plist */; };
		335900CA24EB5EE000386D66 /* CreateAccountController.swift in Sources */ = {isa = PBXBuildFile; fileRef = 335900C924EB5EE000386D66 /* CreateAccountController.swift */; };
		335900CC24EB5EEC00386D66 /* SignInController.swift in Sources */ = {isa = PBXBuildFile; fileRef = 335900CB24EB5EEC00386D66 /* SignInController.swift */; };
		335900D124EB6A2400386D66 /* CreateAccountFormView.swift in Sources */ = {isa = PBXBuildFile; fileRef = 335900D024EB6A2400386D66 /* CreateAccountFormView.swift */; };
		335900D324EB6C7C00386D66 /* UnderlinedTextField.swift in Sources */ = {isa = PBXBuildFile; fileRef = 335900D224EB6C7C00386D66 /* UnderlinedTextField.swift */; };
		335900D524EC787000386D66 /* ABAnimateProgressView.swift in Sources */ = {isa = PBXBuildFile; fileRef = 335900D424EC787000386D66 /* ABAnimateProgressView.swift */; };
		335900D724ECE62100386D66 /* UIButton+Extensions.swift in Sources */ = {isa = PBXBuildFile; fileRef = 335900D624ECE62100386D66 /* UIButton+Extensions.swift */; };
		335900DB24ECF55C00386D66 /* SignInFormView.swift in Sources */ = {isa = PBXBuildFile; fileRef = 335900DA24ECF55C00386D66 /* SignInFormView.swift */; };
		335900DD24ECF69900386D66 /* String+Extensions.swift in Sources */ = {isa = PBXBuildFile; fileRef = 335900DC24ECF69900386D66 /* String+Extensions.swift */; };
		335900DF24EDD23E00386D66 /* UINavigationController+Extensions.swift in Sources */ = {isa = PBXBuildFile; fileRef = 335900DE24EDD23E00386D66 /* UINavigationController+Extensions.swift */; };
		335900E124EE0FD300386D66 /* Defaults.swift in Sources */ = {isa = PBXBuildFile; fileRef = 335900E024EE0FD300386D66 /* Defaults.swift */; };
		335900E324EE10C200386D66 /* UserDefaults+Extensions.swift in Sources */ = {isa = PBXBuildFile; fileRef = 335900E224EE10C200386D66 /* UserDefaults+Extensions.swift */; };
		3378EFE324D699000019C1C8 /* UIStackView+Extensions.swift in Sources */ = {isa = PBXBuildFile; fileRef = 3378EFE224D699000019C1C8 /* UIStackView+Extensions.swift */; };
		3378EFE524D7CCAA0019C1C8 /* GameController.swift in Sources */ = {isa = PBXBuildFile; fileRef = 3378EFE424D7CCAA0019C1C8 /* GameController.swift */; };
		3378EFEF24D7D7DA0019C1C8 /* GameOverController.swift in Sources */ = {isa = PBXBuildFile; fileRef = 3378EFEE24D7D7DA0019C1C8 /* GameOverController.swift */; };
		3378EFF224D7D80D0019C1C8 /* PreGameController.swift in Sources */ = {isa = PBXBuildFile; fileRef = 3378EFF124D7D80D0019C1C8 /* PreGameController.swift */; };
		3378EFF524D7F7BF0019C1C8 /* Game.swift in Sources */ = {isa = PBXBuildFile; fileRef = 3378EFF424D7F7BF0019C1C8 /* Game.swift */; };
		3378EFF724D7F9410019C1C8 /* Player.swift in Sources */ = {isa = PBXBuildFile; fileRef = 3378EFF624D7F9410019C1C8 /* Player.swift */; };
		3378EFF924D7FB7A0019C1C8 /* GameViewModel.swift in Sources */ = {isa = PBXBuildFile; fileRef = 3378EFF824D7FB7A0019C1C8 /* GameViewModel.swift */; };
		3378F00424DE55F80019C1C8 /* MoveType.swift in Sources */ = {isa = PBXBuildFile; fileRef = 3378F00324DE55F80019C1C8 /* MoveType.swift */; };
		3378F00624DE56BF0019C1C8 /* AttackType.swift in Sources */ = {isa = PBXBuildFile; fileRef = 3378F00524DE56BF0019C1C8 /* AttackType.swift */; };
		33BB66BF24E38D4C00C9EF3A /* Direction.swift in Sources */ = {isa = PBXBuildFile; fileRef = 33BB66BE24E38D4C00C9EF3A /* Direction.swift */; };
		33BB66C324E38DC200C9EF3A /* AttackSetPosition.swift in Sources */ = {isa = PBXBuildFile; fileRef = 33BB66C224E38DC200C9EF3A /* AttackSetPosition.swift */; };
		33BB66C524E38DF400C9EF3A /* AttackSet.swift in Sources */ = {isa = PBXBuildFile; fileRef = 33BB66C424E38DF400C9EF3A /* AttackSet.swift */; };
		33E4FAAF24D0118D00C06527 /* ControlView.swift in Sources */ = {isa = PBXBuildFile; fileRef = 33E4FAAE24D0118D00C06527 /* ControlView.swift */; };
		33E4FAB224D0171100C06527 /* MoveButtonView.swift in Sources */ = {isa = PBXBuildFile; fileRef = 33E4FAB124D0171100C06527 /* MoveButtonView.swift */; };
		813B08EFE2B4CAB39D3AC265 /* Pods_WoopPowTests.framework in Frameworks */ = {isa = PBXBuildFile; fileRef = EB5AB85FF203F8AD60EB11CC /* Pods_WoopPowTests.framework */; };
/* End PBXBuildFile section */

/* Begin PBXContainerItemProxy section */
		3342939724CFCA270086D3F0 /* PBXContainerItemProxy */ = {
			isa = PBXContainerItemProxy;
			containerPortal = 3342937824CFCA230086D3F0 /* Project object */;
			proxyType = 1;
			remoteGlobalIDString = 3342937F24CFCA230086D3F0;
			remoteInfo = WoopPow;
		};
/* End PBXContainerItemProxy section */

/* Begin PBXFileReference section */
		0DE8EE74A668F9FAF803DE7A /* Pods-WoopPowTests.release.xcconfig */ = {isa = PBXFileReference; includeInIndex = 1; lastKnownFileType = text.xcconfig; name = "Pods-WoopPowTests.release.xcconfig"; path = "Target Support Files/Pods-WoopPowTests/Pods-WoopPowTests.release.xcconfig"; sourceTree = "<group>"; };
		2D9598AE26F482DEF6FCD7E9 /* Pods-WoopPow.debug.xcconfig */ = {isa = PBXFileReference; includeInIndex = 1; lastKnownFileType = text.xcconfig; name = "Pods-WoopPow.debug.xcconfig"; path = "Target Support Files/Pods-WoopPow/Pods-WoopPow.debug.xcconfig"; sourceTree = "<group>"; };
		3342938024CFCA230086D3F0 /* WoopPow.app */ = {isa = PBXFileReference; explicitFileType = wrapper.application; includeInIndex = 0; path = WoopPow.app; sourceTree = BUILT_PRODUCTS_DIR; };
		3342938324CFCA230086D3F0 /* AppDelegate.swift */ = {isa = PBXFileReference; lastKnownFileType = sourcecode.swift; path = AppDelegate.swift; sourceTree = "<group>"; };
		3342938524CFCA230086D3F0 /* SceneDelegate.swift */ = {isa = PBXFileReference; lastKnownFileType = sourcecode.swift; path = SceneDelegate.swift; sourceTree = "<group>"; };
		3342938724CFCA230086D3F0 /* HomeController.swift */ = {isa = PBXFileReference; lastKnownFileType = sourcecode.swift; path = HomeController.swift; sourceTree = "<group>"; };
		3342938A24CFCA230086D3F0 /* Base */ = {isa = PBXFileReference; lastKnownFileType = file.storyboard; name = Base; path = Base.lproj/Main.storyboard; sourceTree = "<group>"; };
		3342938C24CFCA270086D3F0 /* Assets.xcassets */ = {isa = PBXFileReference; lastKnownFileType = folder.assetcatalog; path = Assets.xcassets; sourceTree = "<group>"; };
		3342938F24CFCA270086D3F0 /* Base */ = {isa = PBXFileReference; lastKnownFileType = file.storyboard; name = Base; path = Base.lproj/LaunchScreen.storyboard; sourceTree = "<group>"; };
		3342939124CFCA270086D3F0 /* Info.plist */ = {isa = PBXFileReference; lastKnownFileType = text.plist.xml; name = Info.plist; path = "WoopPow/Supporting Files/Info.plist"; sourceTree = SOURCE_ROOT; };
		3342939624CFCA270086D3F0 /* WoopPowTests.xctest */ = {isa = PBXFileReference; explicitFileType = wrapper.cfbundle; includeInIndex = 0; path = WoopPowTests.xctest; sourceTree = BUILT_PRODUCTS_DIR; };
		3342939A24CFCA270086D3F0 /* WoopPowTests.swift */ = {isa = PBXFileReference; lastKnownFileType = sourcecode.swift; path = WoopPowTests.swift; sourceTree = "<group>"; };
		3342939C24CFCA270086D3F0 /* Info.plist */ = {isa = PBXFileReference; lastKnownFileType = text.plist.xml; path = Info.plist; sourceTree = "<group>"; };
		334293A524CFCAA10086D3F0 /* AppCoordinator.swift */ = {isa = PBXFileReference; lastKnownFileType = sourcecode.swift; path = AppCoordinator.swift; sourceTree = "<group>"; };
		334293A824CFCABF0086D3F0 /* Constants.swift */ = {isa = PBXFileReference; lastKnownFileType = sourcecode.swift; path = Constants.swift; sourceTree = "<group>"; };
		334293AD24CFCB370086D3F0 /* LocalNotificationManager.swift */ = {isa = PBXFileReference; fileEncoding = 4; lastKnownFileType = sourcecode.swift; path = LocalNotificationManager.swift; sourceTree = "<group>"; };
		334293AF24CFCB410086D3F0 /* UIColor+Extensions.swift */ = {isa = PBXFileReference; fileEncoding = 4; lastKnownFileType = sourcecode.swift; path = "UIColor+Extensions.swift"; sourceTree = "<group>"; };
		334293B024CFCB410086D3F0 /* UIViewController+Extensions.swift */ = {isa = PBXFileReference; fileEncoding = 4; lastKnownFileType = sourcecode.swift; path = "UIViewController+Extensions.swift"; sourceTree = "<group>"; };
		334293B124CFCB410086D3F0 /* UITextField+Extensions.swift */ = {isa = PBXFileReference; fileEncoding = 4; lastKnownFileType = sourcecode.swift; path = "UITextField+Extensions.swift"; sourceTree = "<group>"; };
		334293B224CFCB410086D3F0 /* UIFont+Extensions.swift */ = {isa = PBXFileReference; fileEncoding = 4; lastKnownFileType = sourcecode.swift; path = "UIFont+Extensions.swift"; sourceTree = "<group>"; };
		334293B324CFCB410086D3F0 /* Date+Extensions.swift */ = {isa = PBXFileReference; fileEncoding = 4; lastKnownFileType = sourcecode.swift; path = "Date+Extensions.swift"; sourceTree = "<group>"; };
		334293B424CFCB410086D3F0 /* UIView+Extensions.swift */ = {isa = PBXFileReference; fileEncoding = 4; lastKnownFileType = sourcecode.swift; path = "UIView+Extensions.swift"; sourceTree = "<group>"; };
		334293BB24CFCC3A0086D3F0 /* Coordinator.swift */ = {isa = PBXFileReference; lastKnownFileType = sourcecode.swift; path = Coordinator.swift; sourceTree = "<group>"; };
		335900B524EA12A200386D66 /* Control.swift */ = {isa = PBXFileReference; lastKnownFileType = sourcecode.swift; path = Control.swift; sourceTree = "<group>"; };
		335900B724EA695E00386D66 /* MoveSet.swift */ = {isa = PBXFileReference; lastKnownFileType = sourcecode.swift; path = MoveSet.swift; sourceTree = "<group>"; };
		335900B924EA6B1D00386D66 /* MoveSetPosition.swift */ = {isa = PBXFileReference; lastKnownFileType = sourcecode.swift; path = MoveSetPosition.swift; sourceTree = "<group>"; };
		335900BC24EB2B8100386D66 /* Attack.swift */ = {isa = PBXFileReference; lastKnownFileType = sourcecode.swift; path = Attack.swift; sourceTree = "<group>"; };
		335900BE24EB2BAF00386D66 /* Move.swift */ = {isa = PBXFileReference; lastKnownFileType = sourcecode.swift; path = Move.swift; sourceTree = "<group>"; };
		335900C024EB337F00386D66 /* AttackButtonView.swift */ = {isa = PBXFileReference; lastKnownFileType = sourcecode.swift; path = AttackButtonView.swift; sourceTree = "<group>"; };
		335900C224EB45D600386D66 /* GoogleService-Info.plist */ = {isa = PBXFileReference; fileEncoding = 4; lastKnownFileType = text.plist.xml; name = "GoogleService-Info.plist"; path = "../GoogleService-Info.plist"; sourceTree = "<group>"; };
		335900C624EB4C1C00386D66 /* README.md */ = {isa = PBXFileReference; lastKnownFileType = net.daringfireball.markdown; path = README.md; sourceTree = "<group>"; };
		335900C924EB5EE000386D66 /* CreateAccountController.swift */ = {isa = PBXFileReference; lastKnownFileType = sourcecode.swift; path = CreateAccountController.swift; sourceTree = "<group>"; };
		335900CB24EB5EEC00386D66 /* SignInController.swift */ = {isa = PBXFileReference; lastKnownFileType = sourcecode.swift; path = SignInController.swift; sourceTree = "<group>"; };
		335900D024EB6A2400386D66 /* CreateAccountFormView.swift */ = {isa = PBXFileReference; lastKnownFileType = sourcecode.swift; path = CreateAccountFormView.swift; sourceTree = "<group>"; };
		335900D224EB6C7C00386D66 /* UnderlinedTextField.swift */ = {isa = PBXFileReference; lastKnownFileType = sourcecode.swift; path = UnderlinedTextField.swift; sourceTree = "<group>"; };
		335900D424EC787000386D66 /* ABAnimateProgressView.swift */ = {isa = PBXFileReference; lastKnownFileType = sourcecode.swift; path = ABAnimateProgressView.swift; sourceTree = "<group>"; };
		335900D624ECE62100386D66 /* UIButton+Extensions.swift */ = {isa = PBXFileReference; lastKnownFileType = sourcecode.swift; path = "UIButton+Extensions.swift"; sourceTree = "<group>"; };
		335900DA24ECF55C00386D66 /* SignInFormView.swift */ = {isa = PBXFileReference; fileEncoding = 4; lastKnownFileType = sourcecode.swift; path = SignInFormView.swift; sourceTree = "<group>"; };
		335900DC24ECF69900386D66 /* String+Extensions.swift */ = {isa = PBXFileReference; lastKnownFileType = sourcecode.swift; path = "String+Extensions.swift"; sourceTree = "<group>"; };
		335900DE24EDD23E00386D66 /* UINavigationController+Extensions.swift */ = {isa = PBXFileReference; lastKnownFileType = sourcecode.swift; path = "UINavigationController+Extensions.swift"; sourceTree = "<group>"; };
		335900E024EE0FD300386D66 /* Defaults.swift */ = {isa = PBXFileReference; lastKnownFileType = sourcecode.swift; path = Defaults.swift; sourceTree = "<group>"; };
		335900E224EE10C200386D66 /* UserDefaults+Extensions.swift */ = {isa = PBXFileReference; lastKnownFileType = sourcecode.swift; path = "UserDefaults+Extensions.swift"; sourceTree = "<group>"; };
		3378EFE224D699000019C1C8 /* UIStackView+Extensions.swift */ = {isa = PBXFileReference; lastKnownFileType = sourcecode.swift; path = "UIStackView+Extensions.swift"; sourceTree = "<group>"; };
		3378EFE424D7CCAA0019C1C8 /* GameController.swift */ = {isa = PBXFileReference; lastKnownFileType = sourcecode.swift; path = GameController.swift; sourceTree = "<group>"; };
		3378EFEE24D7D7DA0019C1C8 /* GameOverController.swift */ = {isa = PBXFileReference; lastKnownFileType = sourcecode.swift; path = GameOverController.swift; sourceTree = "<group>"; };
		3378EFF124D7D80D0019C1C8 /* PreGameController.swift */ = {isa = PBXFileReference; lastKnownFileType = sourcecode.swift; path = PreGameController.swift; sourceTree = "<group>"; };
		3378EFF424D7F7BF0019C1C8 /* Game.swift */ = {isa = PBXFileReference; lastKnownFileType = sourcecode.swift; path = Game.swift; sourceTree = "<group>"; };
		3378EFF624D7F9410019C1C8 /* Player.swift */ = {isa = PBXFileReference; lastKnownFileType = sourcecode.swift; path = Player.swift; sourceTree = "<group>"; };
		3378EFF824D7FB7A0019C1C8 /* GameViewModel.swift */ = {isa = PBXFileReference; lastKnownFileType = sourcecode.swift; path = GameViewModel.swift; sourceTree = "<group>"; };
		3378F00324DE55F80019C1C8 /* MoveType.swift */ = {isa = PBXFileReference; lastKnownFileType = sourcecode.swift; path = MoveType.swift; sourceTree = "<group>"; };
		3378F00524DE56BF0019C1C8 /* AttackType.swift */ = {isa = PBXFileReference; lastKnownFileType = sourcecode.swift; path = AttackType.swift; sourceTree = "<group>"; };
		33BB66BE24E38D4C00C9EF3A /* Direction.swift */ = {isa = PBXFileReference; lastKnownFileType = sourcecode.swift; path = Direction.swift; sourceTree = "<group>"; };
		33BB66C224E38DC200C9EF3A /* AttackSetPosition.swift */ = {isa = PBXFileReference; lastKnownFileType = sourcecode.swift; path = AttackSetPosition.swift; sourceTree = "<group>"; };
		33BB66C424E38DF400C9EF3A /* AttackSet.swift */ = {isa = PBXFileReference; lastKnownFileType = sourcecode.swift; path = AttackSet.swift; sourceTree = "<group>"; };
		33E4FAAE24D0118D00C06527 /* ControlView.swift */ = {isa = PBXFileReference; lastKnownFileType = sourcecode.swift; path = ControlView.swift; sourceTree = "<group>"; };
		33E4FAB124D0171100C06527 /* MoveButtonView.swift */ = {isa = PBXFileReference; lastKnownFileType = sourcecode.swift; path = MoveButtonView.swift; sourceTree = "<group>"; };
		560D16B411B0183EAEE4CDE7 /* Pods-WoopPowTests.debug.xcconfig */ = {isa = PBXFileReference; includeInIndex = 1; lastKnownFileType = text.xcconfig; name = "Pods-WoopPowTests.debug.xcconfig"; path = "Target Support Files/Pods-WoopPowTests/Pods-WoopPowTests.debug.xcconfig"; sourceTree = "<group>"; };
		7D8FB6BE5113894DDF2C340F /* Pods-WoopPow.release.xcconfig */ = {isa = PBXFileReference; includeInIndex = 1; lastKnownFileType = text.xcconfig; name = "Pods-WoopPow.release.xcconfig"; path = "Target Support Files/Pods-WoopPow/Pods-WoopPow.release.xcconfig"; sourceTree = "<group>"; };
		E12719A1A6FEFF5F116145F4 /* Pods_WoopPow.framework */ = {isa = PBXFileReference; explicitFileType = wrapper.framework; includeInIndex = 0; path = Pods_WoopPow.framework; sourceTree = BUILT_PRODUCTS_DIR; };
		EB5AB85FF203F8AD60EB11CC /* Pods_WoopPowTests.framework */ = {isa = PBXFileReference; explicitFileType = wrapper.framework; includeInIndex = 0; path = Pods_WoopPowTests.framework; sourceTree = BUILT_PRODUCTS_DIR; };
/* End PBXFileReference section */

/* Begin PBXFrameworksBuildPhase section */
		3342937D24CFCA230086D3F0 /* Frameworks */ = {
			isa = PBXFrameworksBuildPhase;
			buildActionMask = 2147483647;
			files = (
				2EDAC04C9ED9E9443EE0047A /* Pods_WoopPow.framework in Frameworks */,
			);
			runOnlyForDeploymentPostprocessing = 0;
		};
		3342939324CFCA270086D3F0 /* Frameworks */ = {
			isa = PBXFrameworksBuildPhase;
			buildActionMask = 2147483647;
			files = (
				813B08EFE2B4CAB39D3AC265 /* Pods_WoopPowTests.framework in Frameworks */,
			);
			runOnlyForDeploymentPostprocessing = 0;
		};
/* End PBXFrameworksBuildPhase section */

/* Begin PBXGroup section */
		2088D4FD74972C0751E5933A /* Pods */ = {
			isa = PBXGroup;
			children = (
				2D9598AE26F482DEF6FCD7E9 /* Pods-WoopPow.debug.xcconfig */,
				7D8FB6BE5113894DDF2C340F /* Pods-WoopPow.release.xcconfig */,
				560D16B411B0183EAEE4CDE7 /* Pods-WoopPowTests.debug.xcconfig */,
				0DE8EE74A668F9FAF803DE7A /* Pods-WoopPowTests.release.xcconfig */,
			);
			path = Pods;
			sourceTree = "<group>";
		};
		3342937724CFCA230086D3F0 = {
			isa = PBXGroup;
			children = (
				335900C624EB4C1C00386D66 /* README.md */,
				3342938224CFCA230086D3F0 /* WoopPow */,
				3342939924CFCA270086D3F0 /* WoopPowTests */,
				3342938124CFCA230086D3F0 /* Products */,
				2088D4FD74972C0751E5933A /* Pods */,
				65E3665666129F6A43B375E8 /* Frameworks */,
			);
			sourceTree = "<group>";
		};
		3342938124CFCA230086D3F0 /* Products */ = {
			isa = PBXGroup;
			children = (
				3342938024CFCA230086D3F0 /* WoopPow.app */,
				3342939624CFCA270086D3F0 /* WoopPowTests.xctest */,
			);
			name = Products;
			sourceTree = "<group>";
		};
		3342938224CFCA230086D3F0 /* WoopPow */ = {
			isa = PBXGroup;
			children = (
				3342938924CFCA230086D3F0 /* Main.storyboard */,
				3342938324CFCA230086D3F0 /* AppDelegate.swift */,
				3342938524CFCA230086D3F0 /* SceneDelegate.swift */,
				335900C824EB5E1100386D66 /* Features */,
				334293A724CFCAA60086D3F0 /* Coordinators */,
				3378EFF324D7F7AC0019C1C8 /* Models */,
				33E4FAAD24D0115B00C06527 /* Views */,
				334293AA24CFCACB0086D3F0 /* Helpers */,
				335900C424EB4B3B00386D66 /* Resources */,
				335900C524EB4B4800386D66 /* Supporting Files */,
			);
			path = WoopPow;
			sourceTree = "<group>";
		};
		3342939924CFCA270086D3F0 /* WoopPowTests */ = {
			isa = PBXGroup;
			children = (
				3342939A24CFCA270086D3F0 /* WoopPowTests.swift */,
				3342939C24CFCA270086D3F0 /* Info.plist */,
			);
			path = WoopPowTests;
			sourceTree = "<group>";
		};
		334293A724CFCAA60086D3F0 /* Coordinators */ = {
			isa = PBXGroup;
			children = (
				334293A524CFCAA10086D3F0 /* AppCoordinator.swift */,
				334293BB24CFCC3A0086D3F0 /* Coordinator.swift */,
			);
			path = Coordinators;
			sourceTree = "<group>";
		};
		334293AA24CFCACB0086D3F0 /* Helpers */ = {
			isa = PBXGroup;
			children = (
				334293A824CFCABF0086D3F0 /* Constants.swift */,
				334293AD24CFCB370086D3F0 /* LocalNotificationManager.swift */,
				334293AB24CFCAD80086D3F0 /* Extensions */,
			);
			path = Helpers;
			sourceTree = "<group>";
		};
		334293AB24CFCAD80086D3F0 /* Extensions */ = {
			isa = PBXGroup;
			children = (
				334293B324CFCB410086D3F0 /* Date+Extensions.swift */,
				334293AF24CFCB410086D3F0 /* UIColor+Extensions.swift */,
				334293B224CFCB410086D3F0 /* UIFont+Extensions.swift */,
				334293B124CFCB410086D3F0 /* UITextField+Extensions.swift */,
				334293B424CFCB410086D3F0 /* UIView+Extensions.swift */,
				334293B024CFCB410086D3F0 /* UIViewController+Extensions.swift */,
				3378EFE224D699000019C1C8 /* UIStackView+Extensions.swift */,
				335900D624ECE62100386D66 /* UIButton+Extensions.swift */,
				335900DC24ECF69900386D66 /* String+Extensions.swift */,
				335900DE24EDD23E00386D66 /* UINavigationController+Extensions.swift */,
				335900E224EE10C200386D66 /* UserDefaults+Extensions.swift */,
			);
			path = Extensions;
			sourceTree = "<group>";
		};
		335900BB24EB2A6200386D66 /* Control */ = {
			isa = PBXGroup;
			children = (
				335900B524EA12A200386D66 /* Control.swift */,
				33BB66BD24E38D2700C9EF3A /* Move */,
				33BB66BC24E38D1D00C9EF3A /* Attack */,
			);
			path = Control;
			sourceTree = "<group>";
		};
		335900C424EB4B3B00386D66 /* Resources */ = {
			isa = PBXGroup;
			children = (
				3342938C24CFCA270086D3F0 /* Assets.xcassets */,
			);
			path = Resources;
			sourceTree = "<group>";
		};
		335900C524EB4B4800386D66 /* Supporting Files */ = {
			isa = PBXGroup;
			children = (
				3342938E24CFCA270086D3F0 /* LaunchScreen.storyboard */,
				335900C224EB45D600386D66 /* GoogleService-Info.plist */,
				3342939124CFCA270086D3F0 /* Info.plist */,
			);
			path = "Supporting Files";
			sourceTree = "<group>";
		};
		335900C824EB5E1100386D66 /* Features */ = {
			isa = PBXGroup;
			children = (
				3378EFE624D7CCB30019C1C8 /* Home */,
				3378EFE724D7CCC60019C1C8 /* Game */,
				335900CD24EB69DF00386D66 /* SignInUpFlow */,
			);
			path = Features;
			sourceTree = "<group>";
		};
		335900CD24EB69DF00386D66 /* SignInUpFlow */ = {
			isa = PBXGroup;
			children = (
				335900CE24EB69F700386D66 /* CreateAccount */,
				335900CF24EB69FF00386D66 /* SignIn */,
			);
			path = SignInUpFlow;
			sourceTree = "<group>";
		};
		335900CE24EB69F700386D66 /* CreateAccount */ = {
			isa = PBXGroup;
			children = (
				335900C924EB5EE000386D66 /* CreateAccountController.swift */,
				335900D024EB6A2400386D66 /* CreateAccountFormView.swift */,
			);
			path = CreateAccount;
			sourceTree = "<group>";
		};
		335900CF24EB69FF00386D66 /* SignIn */ = {
			isa = PBXGroup;
			children = (
				335900CB24EB5EEC00386D66 /* SignInController.swift */,
				335900DA24ECF55C00386D66 /* SignInFormView.swift */,
			);
			path = SignIn;
			sourceTree = "<group>";
		};
		3378EFE624D7CCB30019C1C8 /* Home */ = {
			isa = PBXGroup;
			children = (
				3342938724CFCA230086D3F0 /* HomeController.swift */,
			);
			path = Home;
			sourceTree = "<group>";
		};
		3378EFE724D7CCC60019C1C8 /* Game */ = {
			isa = PBXGroup;
			children = (
				3378EFEB24D7D7AC0019C1C8 /* PreGame */,
				3378EFE824D7D7790019C1C8 /* Game */,
				3378EFF024D7D7DE0019C1C8 /* GameOver */,
			);
			path = Game;
			sourceTree = "<group>";
		};
		3378EFE824D7D7790019C1C8 /* Game */ = {
			isa = PBXGroup;
			children = (
				3378EFE424D7CCAA0019C1C8 /* GameController.swift */,
				3378EFF824D7FB7A0019C1C8 /* GameViewModel.swift */,
			);
			path = Game;
			sourceTree = "<group>";
		};
		3378EFEB24D7D7AC0019C1C8 /* PreGame */ = {
			isa = PBXGroup;
			children = (
				3378EFF124D7D80D0019C1C8 /* PreGameController.swift */,
			);
			path = PreGame;
			sourceTree = "<group>";
		};
		3378EFF024D7D7DE0019C1C8 /* GameOver */ = {
			isa = PBXGroup;
			children = (
				3378EFEE24D7D7DA0019C1C8 /* GameOverController.swift */,
			);
			path = GameOver;
			sourceTree = "<group>";
		};
		3378EFF324D7F7AC0019C1C8 /* Models */ = {
			isa = PBXGroup;
			children = (
				3378EFF424D7F7BF0019C1C8 /* Game.swift */,
				3378EFF624D7F9410019C1C8 /* Player.swift */,
				335900BB24EB2A6200386D66 /* Control */,
				335900E024EE0FD300386D66 /* Defaults.swift */,
			);
			path = Models;
			sourceTree = "<group>";
		};
		33BB66BC24E38D1D00C9EF3A /* Attack */ = {
			isa = PBXGroup;
			children = (
				335900BC24EB2B8100386D66 /* Attack.swift */,
				3378F00524DE56BF0019C1C8 /* AttackType.swift */,
				33BB66C424E38DF400C9EF3A /* AttackSet.swift */,
				33BB66C124E38D6800C9EF3A /* Properties */,
			);
			path = Attack;
			sourceTree = "<group>";
		};
		33BB66BD24E38D2700C9EF3A /* Move */ = {
			isa = PBXGroup;
			children = (
				335900BE24EB2BAF00386D66 /* Move.swift */,
				3378F00324DE55F80019C1C8 /* MoveType.swift */,
				335900B724EA695E00386D66 /* MoveSet.swift */,
				33BB66C024E38D5800C9EF3A /* Properties */,
			);
			path = Move;
			sourceTree = "<group>";
		};
		33BB66C024E38D5800C9EF3A /* Properties */ = {
			isa = PBXGroup;
			children = (
				33BB66BE24E38D4C00C9EF3A /* Direction.swift */,
				335900B924EA6B1D00386D66 /* MoveSetPosition.swift */,
			);
			path = Properties;
			sourceTree = "<group>";
		};
		33BB66C124E38D6800C9EF3A /* Properties */ = {
			isa = PBXGroup;
			children = (
				33BB66C224E38DC200C9EF3A /* AttackSetPosition.swift */,
			);
			path = Properties;
			sourceTree = "<group>";
		};
		33E4FAAD24D0115B00C06527 /* Views */ = {
			isa = PBXGroup;
			children = (
				33E4FAB024D0166000C06527 /* Control */,
				335900D224EB6C7C00386D66 /* UnderlinedTextField.swift */,
				335900D424EC787000386D66 /* ABAnimateProgressView.swift */,
			);
			path = Views;
			sourceTree = "<group>";
		};
		33E4FAB024D0166000C06527 /* Control */ = {
			isa = PBXGroup;
			children = (
				33E4FAAE24D0118D00C06527 /* ControlView.swift */,
				33E4FAB124D0171100C06527 /* MoveButtonView.swift */,
				335900C024EB337F00386D66 /* AttackButtonView.swift */,
			);
			path = Control;
			sourceTree = "<group>";
		};
		65E3665666129F6A43B375E8 /* Frameworks */ = {
			isa = PBXGroup;
			children = (
				E12719A1A6FEFF5F116145F4 /* Pods_WoopPow.framework */,
				EB5AB85FF203F8AD60EB11CC /* Pods_WoopPowTests.framework */,
			);
			name = Frameworks;
			sourceTree = "<group>";
		};
/* End PBXGroup section */

/* Begin PBXNativeTarget section */
		3342937F24CFCA230086D3F0 /* WoopPow */ = {
			isa = PBXNativeTarget;
			buildConfigurationList = 3342939F24CFCA270086D3F0 /* Build configuration list for PBXNativeTarget "WoopPow" */;
			buildPhases = (
				23606C433DFC205170752F1D /* [CP] Check Pods Manifest.lock */,
				3342937C24CFCA230086D3F0 /* Sources */,
				3342937D24CFCA230086D3F0 /* Frameworks */,
				3342937E24CFCA230086D3F0 /* Resources */,
				88ED2674050882787921C57E /* [CP] Embed Pods Frameworks */,
				F303CA29135A0843044820D2 /* [CP] Copy Pods Resources */,
			);
			buildRules = (
			);
			dependencies = (
			);
			name = WoopPow;
			productName = WoopPow;
			productReference = 3342938024CFCA230086D3F0 /* WoopPow.app */;
			productType = "com.apple.product-type.application";
		};
		3342939524CFCA270086D3F0 /* WoopPowTests */ = {
			isa = PBXNativeTarget;
			buildConfigurationList = 334293A224CFCA270086D3F0 /* Build configuration list for PBXNativeTarget "WoopPowTests" */;
			buildPhases = (
				5E1579A6074A1BE2E3D70D7C /* [CP] Check Pods Manifest.lock */,
				3342939224CFCA270086D3F0 /* Sources */,
				3342939324CFCA270086D3F0 /* Frameworks */,
				3342939424CFCA270086D3F0 /* Resources */,
			);
			buildRules = (
			);
			dependencies = (
				3342939824CFCA270086D3F0 /* PBXTargetDependency */,
			);
			name = WoopPowTests;
			productName = WoopPowTests;
			productReference = 3342939624CFCA270086D3F0 /* WoopPowTests.xctest */;
			productType = "com.apple.product-type.bundle.unit-test";
		};
/* End PBXNativeTarget section */

/* Begin PBXProject section */
		3342937824CFCA230086D3F0 /* Project object */ = {
			isa = PBXProject;
			attributes = {
				LastSwiftUpdateCheck = 1160;
				LastUpgradeCheck = 1160;
				ORGANIZATIONNAME = SamuelFolledo;
				TargetAttributes = {
					3342937F24CFCA230086D3F0 = {
						CreatedOnToolsVersion = 11.6;
					};
					3342939524CFCA270086D3F0 = {
						CreatedOnToolsVersion = 11.6;
						TestTargetID = 3342937F24CFCA230086D3F0;
					};
				};
			};
			buildConfigurationList = 3342937B24CFCA230086D3F0 /* Build configuration list for PBXProject "WoopPow" */;
			compatibilityVersion = "Xcode 9.3";
			developmentRegion = en;
			hasScannedForEncodings = 0;
			knownRegions = (
				en,
				Base,
			);
			mainGroup = 3342937724CFCA230086D3F0;
			productRefGroup = 3342938124CFCA230086D3F0 /* Products */;
			projectDirPath = "";
			projectRoot = "";
			targets = (
				3342937F24CFCA230086D3F0 /* WoopPow */,
				3342939524CFCA270086D3F0 /* WoopPowTests */,
			);
		};
/* End PBXProject section */

/* Begin PBXResourcesBuildPhase section */
		3342937E24CFCA230086D3F0 /* Resources */ = {
			isa = PBXResourcesBuildPhase;
			buildActionMask = 2147483647;
			files = (
				3342939024CFCA270086D3F0 /* LaunchScreen.storyboard in Resources */,
				335900C324EB45D600386D66 /* GoogleService-Info.plist in Resources */,
				3342938D24CFCA270086D3F0 /* Assets.xcassets in Resources */,
				3342938B24CFCA230086D3F0 /* Main.storyboard in Resources */,
			);
			runOnlyForDeploymentPostprocessing = 0;
		};
		3342939424CFCA270086D3F0 /* Resources */ = {
			isa = PBXResourcesBuildPhase;
			buildActionMask = 2147483647;
			files = (
			);
			runOnlyForDeploymentPostprocessing = 0;
		};
/* End PBXResourcesBuildPhase section */

/* Begin PBXShellScriptBuildPhase section */
		23606C433DFC205170752F1D /* [CP] Check Pods Manifest.lock */ = {
			isa = PBXShellScriptBuildPhase;
			buildActionMask = 2147483647;
			files = (
			);
			inputFileListPaths = (
			);
			inputPaths = (
				"${PODS_PODFILE_DIR_PATH}/Podfile.lock",
				"${PODS_ROOT}/Manifest.lock",
			);
			name = "[CP] Check Pods Manifest.lock";
			outputFileListPaths = (
			);
			outputPaths = (
				"$(DERIVED_FILE_DIR)/Pods-WoopPow-checkManifestLockResult.txt",
			);
			runOnlyForDeploymentPostprocessing = 0;
			shellPath = /bin/sh;
			shellScript = "diff \"${PODS_PODFILE_DIR_PATH}/Podfile.lock\" \"${PODS_ROOT}/Manifest.lock\" > /dev/null\nif [ $? != 0 ] ; then\n    # print error to STDERR\n    echo \"error: The sandbox is not in sync with the Podfile.lock. Run 'pod install' or update your CocoaPods installation.\" >&2\n    exit 1\nfi\n# This output is used by Xcode 'outputs' to avoid re-running this script phase.\necho \"SUCCESS\" > \"${SCRIPT_OUTPUT_FILE_0}\"\n";
			showEnvVarsInLog = 0;
		};
		5E1579A6074A1BE2E3D70D7C /* [CP] Check Pods Manifest.lock */ = {
			isa = PBXShellScriptBuildPhase;
			buildActionMask = 2147483647;
			files = (
			);
			inputFileListPaths = (
			);
			inputPaths = (
				"${PODS_PODFILE_DIR_PATH}/Podfile.lock",
				"${PODS_ROOT}/Manifest.lock",
			);
			name = "[CP] Check Pods Manifest.lock";
			outputFileListPaths = (
			);
			outputPaths = (
				"$(DERIVED_FILE_DIR)/Pods-WoopPowTests-checkManifestLockResult.txt",
			);
			runOnlyForDeploymentPostprocessing = 0;
			shellPath = /bin/sh;
			shellScript = "diff \"${PODS_PODFILE_DIR_PATH}/Podfile.lock\" \"${PODS_ROOT}/Manifest.lock\" > /dev/null\nif [ $? != 0 ] ; then\n    # print error to STDERR\n    echo \"error: The sandbox is not in sync with the Podfile.lock. Run 'pod install' or update your CocoaPods installation.\" >&2\n    exit 1\nfi\n# This output is used by Xcode 'outputs' to avoid re-running this script phase.\necho \"SUCCESS\" > \"${SCRIPT_OUTPUT_FILE_0}\"\n";
			showEnvVarsInLog = 0;
		};
		88ED2674050882787921C57E /* [CP] Embed Pods Frameworks */ = {
			isa = PBXShellScriptBuildPhase;
			buildActionMask = 2147483647;
			files = (
			);
			inputFileListPaths = (
				"${PODS_ROOT}/Target Support Files/Pods-WoopPow/Pods-WoopPow-frameworks-${CONFIGURATION}-input-files.xcfilelist",
			);
			name = "[CP] Embed Pods Frameworks";
			outputFileListPaths = (
				"${PODS_ROOT}/Target Support Files/Pods-WoopPow/Pods-WoopPow-frameworks-${CONFIGURATION}-output-files.xcfilelist",
			);
			runOnlyForDeploymentPostprocessing = 0;
			shellPath = /bin/sh;
			shellScript = "\"${PODS_ROOT}/Target Support Files/Pods-WoopPow/Pods-WoopPow-frameworks.sh\"\n";
			showEnvVarsInLog = 0;
		};
		F303CA29135A0843044820D2 /* [CP] Copy Pods Resources */ = {
			isa = PBXShellScriptBuildPhase;
			buildActionMask = 2147483647;
			files = (
			);
			inputFileListPaths = (
				"${PODS_ROOT}/Target Support Files/Pods-WoopPow/Pods-WoopPow-resources-${CONFIGURATION}-input-files.xcfilelist",
			);
			name = "[CP] Copy Pods Resources";
			outputFileListPaths = (
				"${PODS_ROOT}/Target Support Files/Pods-WoopPow/Pods-WoopPow-resources-${CONFIGURATION}-output-files.xcfilelist",
			);
			runOnlyForDeploymentPostprocessing = 0;
			shellPath = /bin/sh;
			shellScript = "\"${PODS_ROOT}/Target Support Files/Pods-WoopPow/Pods-WoopPow-resources.sh\"\n";
			showEnvVarsInLog = 0;
		};
/* End PBXShellScriptBuildPhase section */

/* Begin PBXSourcesBuildPhase section */
		3342937C24CFCA230086D3F0 /* Sources */ = {
			isa = PBXSourcesBuildPhase;
			buildActionMask = 2147483647;
			files = (
				335900BD24EB2B8100386D66 /* Attack.swift in Sources */,
				334293AE24CFCB370086D3F0 /* LocalNotificationManager.swift in Sources */,
				335900C124EB337F00386D66 /* AttackButtonView.swift in Sources */,
				3378EFE324D699000019C1C8 /* UIStackView+Extensions.swift in Sources */,
				3378EFF224D7D80D0019C1C8 /* PreGameController.swift in Sources */,
				335900E124EE0FD300386D66 /* Defaults.swift in Sources */,
				335900B824EA695E00386D66 /* MoveSet.swift in Sources */,
				335900D524EC787000386D66 /* ABAnimateProgressView.swift in Sources */,
				334293B924CFCB410086D3F0 /* Date+Extensions.swift in Sources */,
				3378EFF724D7F9410019C1C8 /* Player.swift in Sources */,
				33E4FAAF24D0118D00C06527 /* ControlView.swift in Sources */,
				334293BC24CFCC3A0086D3F0 /* Coordinator.swift in Sources */,
				33BB66C524E38DF400C9EF3A /* AttackSet.swift in Sources */,
				334293A924CFCABF0086D3F0 /* Constants.swift in Sources */,
				335900DF24EDD23E00386D66 /* UINavigationController+Extensions.swift in Sources */,
				335900B624EA12A200386D66 /* Control.swift in Sources */,
				335900DD24ECF69900386D66 /* String+Extensions.swift in Sources */,
				3342938824CFCA230086D3F0 /* HomeController.swift in Sources */,
				334293A624CFCAA10086D3F0 /* AppCoordinator.swift in Sources */,
				3378EFEF24D7D7DA0019C1C8 /* GameOverController.swift in Sources */,
				3378EFE524D7CCAA0019C1C8 /* GameController.swift in Sources */,
				335900CA24EB5EE000386D66 /* CreateAccountController.swift in Sources */,
				3378EFF524D7F7BF0019C1C8 /* Game.swift in Sources */,
				3378F00424DE55F80019C1C8 /* MoveType.swift in Sources */,
				334293B624CFCB410086D3F0 /* UIViewController+Extensions.swift in Sources */,
				335900BA24EA6B1D00386D66 /* MoveSetPosition.swift in Sources */,
				335900D124EB6A2400386D66 /* CreateAccountFormView.swift in Sources */,
				33BB66C324E38DC200C9EF3A /* AttackSetPosition.swift in Sources */,
				335900D724ECE62100386D66 /* UIButton+Extensions.swift in Sources */,
				335900CC24EB5EEC00386D66 /* SignInController.swift in Sources */,
				335900E324EE10C200386D66 /* UserDefaults+Extensions.swift in Sources */,
				3378EFF924D7FB7A0019C1C8 /* GameViewModel.swift in Sources */,
				334293BA24CFCB410086D3F0 /* UIView+Extensions.swift in Sources */,
				334293B524CFCB410086D3F0 /* UIColor+Extensions.swift in Sources */,
				335900DB24ECF55C00386D66 /* SignInFormView.swift in Sources */,
				3378F00624DE56BF0019C1C8 /* AttackType.swift in Sources */,
				334293B724CFCB410086D3F0 /* UITextField+Extensions.swift in Sources */,
				33E4FAB224D0171100C06527 /* MoveButtonView.swift in Sources */,
				3342938424CFCA230086D3F0 /* AppDelegate.swift in Sources */,
				335900BF24EB2BAF00386D66 /* Move.swift in Sources */,
				334293B824CFCB410086D3F0 /* UIFont+Extensions.swift in Sources */,
				335900D324EB6C7C00386D66 /* UnderlinedTextField.swift in Sources */,
				3342938624CFCA230086D3F0 /* SceneDelegate.swift in Sources */,
				33BB66BF24E38D4C00C9EF3A /* Direction.swift in Sources */,
			);
			runOnlyForDeploymentPostprocessing = 0;
		};
		3342939224CFCA270086D3F0 /* Sources */ = {
			isa = PBXSourcesBuildPhase;
			buildActionMask = 2147483647;
			files = (
				3342939B24CFCA270086D3F0 /* WoopPowTests.swift in Sources */,
			);
			runOnlyForDeploymentPostprocessing = 0;
		};
/* End PBXSourcesBuildPhase section */

/* Begin PBXTargetDependency section */
		3342939824CFCA270086D3F0 /* PBXTargetDependency */ = {
			isa = PBXTargetDependency;
			target = 3342937F24CFCA230086D3F0 /* WoopPow */;
			targetProxy = 3342939724CFCA270086D3F0 /* PBXContainerItemProxy */;
		};
/* End PBXTargetDependency section */

/* Begin PBXVariantGroup section */
		3342938924CFCA230086D3F0 /* Main.storyboard */ = {
			isa = PBXVariantGroup;
			children = (
				3342938A24CFCA230086D3F0 /* Base */,
			);
			name = Main.storyboard;
			sourceTree = "<group>";
		};
		3342938E24CFCA270086D3F0 /* LaunchScreen.storyboard */ = {
			isa = PBXVariantGroup;
			children = (
				3342938F24CFCA270086D3F0 /* Base */,
			);
			name = LaunchScreen.storyboard;
			sourceTree = "<group>";
		};
/* End PBXVariantGroup section */

/* Begin XCBuildConfiguration section */
		3342939D24CFCA270086D3F0 /* Debug */ = {
			isa = XCBuildConfiguration;
			buildSettings = {
				ALWAYS_SEARCH_USER_PATHS = NO;
				CLANG_ANALYZER_NONNULL = YES;
				CLANG_ANALYZER_NUMBER_OBJECT_CONVERSION = YES_AGGRESSIVE;
				CLANG_CXX_LANGUAGE_STANDARD = "gnu++14";
				CLANG_CXX_LIBRARY = "libc++";
				CLANG_ENABLE_MODULES = YES;
				CLANG_ENABLE_OBJC_ARC = YES;
				CLANG_ENABLE_OBJC_WEAK = YES;
				CLANG_WARN_BLOCK_CAPTURE_AUTORELEASING = YES;
				CLANG_WARN_BOOL_CONVERSION = YES;
				CLANG_WARN_COMMA = YES;
				CLANG_WARN_CONSTANT_CONVERSION = YES;
				CLANG_WARN_DEPRECATED_OBJC_IMPLEMENTATIONS = YES;
				CLANG_WARN_DIRECT_OBJC_ISA_USAGE = YES_ERROR;
				CLANG_WARN_DOCUMENTATION_COMMENTS = YES;
				CLANG_WARN_EMPTY_BODY = YES;
				CLANG_WARN_ENUM_CONVERSION = YES;
				CLANG_WARN_INFINITE_RECURSION = YES;
				CLANG_WARN_INT_CONVERSION = YES;
				CLANG_WARN_NON_LITERAL_NULL_CONVERSION = YES;
				CLANG_WARN_OBJC_IMPLICIT_RETAIN_SELF = YES;
				CLANG_WARN_OBJC_LITERAL_CONVERSION = YES;
				CLANG_WARN_OBJC_ROOT_CLASS = YES_ERROR;
				CLANG_WARN_RANGE_LOOP_ANALYSIS = YES;
				CLANG_WARN_STRICT_PROTOTYPES = YES;
				CLANG_WARN_SUSPICIOUS_MOVE = YES;
				CLANG_WARN_UNGUARDED_AVAILABILITY = YES_AGGRESSIVE;
				CLANG_WARN_UNREACHABLE_CODE = YES;
				CLANG_WARN__DUPLICATE_METHOD_MATCH = YES;
				COPY_PHASE_STRIP = NO;
				DEBUG_INFORMATION_FORMAT = dwarf;
				ENABLE_STRICT_OBJC_MSGSEND = YES;
				ENABLE_TESTABILITY = YES;
				GCC_C_LANGUAGE_STANDARD = gnu11;
				GCC_DYNAMIC_NO_PIC = NO;
				GCC_NO_COMMON_BLOCKS = YES;
				GCC_OPTIMIZATION_LEVEL = 0;
				GCC_PREPROCESSOR_DEFINITIONS = (
					"DEBUG=1",
					"$(inherited)",
				);
				GCC_WARN_64_TO_32_BIT_CONVERSION = YES;
				GCC_WARN_ABOUT_RETURN_TYPE = YES_ERROR;
				GCC_WARN_UNDECLARED_SELECTOR = YES;
				GCC_WARN_UNINITIALIZED_AUTOS = YES_AGGRESSIVE;
				GCC_WARN_UNUSED_FUNCTION = YES;
				GCC_WARN_UNUSED_VARIABLE = YES;
				IPHONEOS_DEPLOYMENT_TARGET = 13.0;
				MTL_ENABLE_DEBUG_INFO = INCLUDE_SOURCE;
				MTL_FAST_MATH = YES;
				ONLY_ACTIVE_ARCH = YES;
				SDKROOT = iphoneos;
				SWIFT_ACTIVE_COMPILATION_CONDITIONS = DEBUG;
				SWIFT_OPTIMIZATION_LEVEL = "-Onone";
			};
			name = Debug;
		};
		3342939E24CFCA270086D3F0 /* Release */ = {
			isa = XCBuildConfiguration;
			buildSettings = {
				ALWAYS_SEARCH_USER_PATHS = NO;
				CLANG_ANALYZER_NONNULL = YES;
				CLANG_ANALYZER_NUMBER_OBJECT_CONVERSION = YES_AGGRESSIVE;
				CLANG_CXX_LANGUAGE_STANDARD = "gnu++14";
				CLANG_CXX_LIBRARY = "libc++";
				CLANG_ENABLE_MODULES = YES;
				CLANG_ENABLE_OBJC_ARC = YES;
				CLANG_ENABLE_OBJC_WEAK = YES;
				CLANG_WARN_BLOCK_CAPTURE_AUTORELEASING = YES;
				CLANG_WARN_BOOL_CONVERSION = YES;
				CLANG_WARN_COMMA = YES;
				CLANG_WARN_CONSTANT_CONVERSION = YES;
				CLANG_WARN_DEPRECATED_OBJC_IMPLEMENTATIONS = YES;
				CLANG_WARN_DIRECT_OBJC_ISA_USAGE = YES_ERROR;
				CLANG_WARN_DOCUMENTATION_COMMENTS = YES;
				CLANG_WARN_EMPTY_BODY = YES;
				CLANG_WARN_ENUM_CONVERSION = YES;
				CLANG_WARN_INFINITE_RECURSION = YES;
				CLANG_WARN_INT_CONVERSION = YES;
				CLANG_WARN_NON_LITERAL_NULL_CONVERSION = YES;
				CLANG_WARN_OBJC_IMPLICIT_RETAIN_SELF = YES;
				CLANG_WARN_OBJC_LITERAL_CONVERSION = YES;
				CLANG_WARN_OBJC_ROOT_CLASS = YES_ERROR;
				CLANG_WARN_RANGE_LOOP_ANALYSIS = YES;
				CLANG_WARN_STRICT_PROTOTYPES = YES;
				CLANG_WARN_SUSPICIOUS_MOVE = YES;
				CLANG_WARN_UNGUARDED_AVAILABILITY = YES_AGGRESSIVE;
				CLANG_WARN_UNREACHABLE_CODE = YES;
				CLANG_WARN__DUPLICATE_METHOD_MATCH = YES;
				COPY_PHASE_STRIP = NO;
				DEBUG_INFORMATION_FORMAT = "dwarf-with-dsym";
				ENABLE_NS_ASSERTIONS = NO;
				ENABLE_STRICT_OBJC_MSGSEND = YES;
				GCC_C_LANGUAGE_STANDARD = gnu11;
				GCC_NO_COMMON_BLOCKS = YES;
				GCC_WARN_64_TO_32_BIT_CONVERSION = YES;
				GCC_WARN_ABOUT_RETURN_TYPE = YES_ERROR;
				GCC_WARN_UNDECLARED_SELECTOR = YES;
				GCC_WARN_UNINITIALIZED_AUTOS = YES_AGGRESSIVE;
				GCC_WARN_UNUSED_FUNCTION = YES;
				GCC_WARN_UNUSED_VARIABLE = YES;
				IPHONEOS_DEPLOYMENT_TARGET = 13.0;
				MTL_ENABLE_DEBUG_INFO = NO;
				MTL_FAST_MATH = YES;
				SDKROOT = iphoneos;
				SWIFT_COMPILATION_MODE = wholemodule;
				SWIFT_OPTIMIZATION_LEVEL = "-O";
				VALIDATE_PRODUCT = YES;
			};
			name = Release;
		};
		334293A024CFCA270086D3F0 /* Debug */ = {
			isa = XCBuildConfiguration;
			baseConfigurationReference = 2D9598AE26F482DEF6FCD7E9 /* Pods-WoopPow.debug.xcconfig */;
			buildSettings = {
				ASSETCATALOG_COMPILER_APPICON_NAME = AppIcon;
				CODE_SIGN_STYLE = Automatic;
				DEVELOPMENT_TEAM = 9NY68F4K3P;
				INFOPLIST_FILE = "WoopPow/Supporting Files/Info.plist";
				LD_RUNPATH_SEARCH_PATHS = (
					"$(inherited)",
					"@executable_path/Frameworks",
				);
				PRODUCT_BUNDLE_IDENTIFIER = com.SamuelFolledo.WoopPow;
				PRODUCT_NAME = "$(TARGET_NAME)";
				SWIFT_VERSION = 5.0;
				TARGETED_DEVICE_FAMILY = "1,2";
			};
			name = Debug;
		};
		334293A124CFCA270086D3F0 /* Release */ = {
			isa = XCBuildConfiguration;
			baseConfigurationReference = 7D8FB6BE5113894DDF2C340F /* Pods-WoopPow.release.xcconfig */;
			buildSettings = {
				ASSETCATALOG_COMPILER_APPICON_NAME = AppIcon;
				CODE_SIGN_STYLE = Automatic;
				DEVELOPMENT_TEAM = 9NY68F4K3P;
				INFOPLIST_FILE = "WoopPow/Supporting Files/Info.plist";
				LD_RUNPATH_SEARCH_PATHS = (
					"$(inherited)",
					"@executable_path/Frameworks",
				);
				PRODUCT_BUNDLE_IDENTIFIER = com.SamuelFolledo.WoopPow;
				PRODUCT_NAME = "$(TARGET_NAME)";
				SWIFT_VERSION = 5.0;
				TARGETED_DEVICE_FAMILY = "1,2";
			};
			name = Release;
		};
		334293A324CFCA270086D3F0 /* Debug */ = {
			isa = XCBuildConfiguration;
			baseConfigurationReference = 560D16B411B0183EAEE4CDE7 /* Pods-WoopPowTests.debug.xcconfig */;
			buildSettings = {
				ALWAYS_EMBED_SWIFT_STANDARD_LIBRARIES = YES;
				BUNDLE_LOADER = "$(TEST_HOST)";
				CODE_SIGN_STYLE = Automatic;
				DEVELOPMENT_TEAM = 9NY68F4K3P;
				INFOPLIST_FILE = WoopPowTests/Info.plist;
				IPHONEOS_DEPLOYMENT_TARGET = 13.6;
				LD_RUNPATH_SEARCH_PATHS = (
					"$(inherited)",
					"@executable_path/Frameworks",
					"@loader_path/Frameworks",
				);
				PRODUCT_BUNDLE_IDENTIFIER = SamuelFolledo.WoopPowTests;
				PRODUCT_NAME = "$(TARGET_NAME)";
				SWIFT_VERSION = 5.0;
				TARGETED_DEVICE_FAMILY = "1,2";
				TEST_HOST = "$(BUILT_PRODUCTS_DIR)/WoopPow.app/WoopPow";
			};
			name = Debug;
		};
		334293A424CFCA270086D3F0 /* Release */ = {
			isa = XCBuildConfiguration;
			baseConfigurationReference = 0DE8EE74A668F9FAF803DE7A /* Pods-WoopPowTests.release.xcconfig */;
			buildSettings = {
				ALWAYS_EMBED_SWIFT_STANDARD_LIBRARIES = YES;
				BUNDLE_LOADER = "$(TEST_HOST)";
				CODE_SIGN_STYLE = Automatic;
				DEVELOPMENT_TEAM = 9NY68F4K3P;
				INFOPLIST_FILE = WoopPowTests/Info.plist;
				IPHONEOS_DEPLOYMENT_TARGET = 13.6;
				LD_RUNPATH_SEARCH_PATHS = (
					"$(inherited)",
					"@executable_path/Frameworks",
					"@loader_path/Frameworks",
				);
				PRODUCT_BUNDLE_IDENTIFIER = SamuelFolledo.WoopPowTests;
				PRODUCT_NAME = "$(TARGET_NAME)";
				SWIFT_VERSION = 5.0;
				TARGETED_DEVICE_FAMILY = "1,2";
				TEST_HOST = "$(BUILT_PRODUCTS_DIR)/WoopPow.app/WoopPow";
			};
			name = Release;
		};
/* End XCBuildConfiguration section */

/* Begin XCConfigurationList section */
		3342937B24CFCA230086D3F0 /* Build configuration list for PBXProject "WoopPow" */ = {
			isa = XCConfigurationList;
			buildConfigurations = (
				3342939D24CFCA270086D3F0 /* Debug */,
				3342939E24CFCA270086D3F0 /* Release */,
			);
			defaultConfigurationIsVisible = 0;
			defaultConfigurationName = Release;
		};
		3342939F24CFCA270086D3F0 /* Build configuration list for PBXNativeTarget "WoopPow" */ = {
			isa = XCConfigurationList;
			buildConfigurations = (
				334293A024CFCA270086D3F0 /* Debug */,
				334293A124CFCA270086D3F0 /* Release */,
			);
			defaultConfigurationIsVisible = 0;
			defaultConfigurationName = Release;
		};
		334293A224CFCA270086D3F0 /* Build configuration list for PBXNativeTarget "WoopPowTests" */ = {
			isa = XCConfigurationList;
			buildConfigurations = (
				334293A324CFCA270086D3F0 /* Debug */,
				334293A424CFCA270086D3F0 /* Release */,
			);
			defaultConfigurationIsVisible = 0;
			defaultConfigurationName = Release;
		};
/* End XCConfigurationList section */
	};
	rootObject = 3342937824CFCA230086D3F0 /* Project object */;
}
